// !$*UTF8*$!
{
	archiveVersion = 1;
	classes = {
	};
	objectVersion = 46;
	objects = {

/* Begin PBXBuildFile section */
		2B1A27061C19E83C0067EAA0 /* AddFoodViewController.m in Sources */ = {isa = PBXBuildFile; fileRef = 2B1A26F61C19E83C0067EAA0 /* AddFoodViewController.m */; };
		2B1A27071C19E83C0067EAA0 /* camera.png in Resources */ = {isa = PBXBuildFile; fileRef = 2B1A26F71C19E83C0067EAA0 /* camera.png */; };
		2B1A27081C19E83C0067EAA0 /* FirstEventPopupViewController.m in Sources */ = {isa = PBXBuildFile; fileRef = 2B1A26F91C19E83C0067EAA0 /* FirstEventPopupViewController.m */; };
		2B1A27091C19E83C0067EAA0 /* greenpin.png in Resources */ = {isa = PBXBuildFile; fileRef = 2B1A26FA1C19E83C0067EAA0 /* greenpin.png */; };
		2B1A270A1C19E83C0067EAA0 /* GuestViewController.m in Sources */ = {isa = PBXBuildFile; fileRef = 2B1A26FC1C19E83C0067EAA0 /* GuestViewController.m */; };
		2B1A270B1C19E83C0067EAA0 /* ListViewController.m in Sources */ = {isa = PBXBuildFile; fileRef = 2B1A26FE1C19E83C0067EAA0 /* ListViewController.m */; };
		2B1A270C1C19E83C0067EAA0 /* map.png in Resources */ = {isa = PBXBuildFile; fileRef = 2B1A26FF1C19E83C0067EAA0 /* map.png */; };
		2B1A270D1C19E83C0067EAA0 /* MapViewController.m in Sources */ = {isa = PBXBuildFile; fileRef = 2B1A27011C19E83C0067EAA0 /* MapViewController.m */; };
		2B1A270E1C19E83C0067EAA0 /* new.png in Resources */ = {isa = PBXBuildFile; fileRef = 2B1A27021C19E83C0067EAA0 /* new.png */; };
		2B1A270F1C19E83C0067EAA0 /* redpin.png in Resources */ = {isa = PBXBuildFile; fileRef = 2B1A27031C19E83C0067EAA0 /* redpin.png */; };
		2B1A27101C19E83C0067EAA0 /* SecondEventPopupViewController.m in Sources */ = {isa = PBXBuildFile; fileRef = 2B1A27051C19E83C0067EAA0 /* SecondEventPopupViewController.m */; };
		2B1A27191C1A01DF0067EAA0 /* HomeTableViewCell.m in Sources */ = {isa = PBXBuildFile; fileRef = 2B1A27121C1A01DF0067EAA0 /* HomeTableViewCell.m */; };
		2B1A271A1C1A01DF0067EAA0 /* HomeTableViewCell.xib in Resources */ = {isa = PBXBuildFile; fileRef = 2B1A27131C1A01DF0067EAA0 /* HomeTableViewCell.xib */; };
		2B1A271B1C1A01DF0067EAA0 /* HomeTableViewController.m in Sources */ = {isa = PBXBuildFile; fileRef = 2B1A27151C1A01DF0067EAA0 /* HomeTableViewController.m */; };
		2B1A271C1C1A01DF0067EAA0 /* SettingViewController.m in Sources */ = {isa = PBXBuildFile; fileRef = 2B1A27171C1A01DF0067EAA0 /* SettingViewController.m */; };
		2B1A271D1C1A01DF0067EAA0 /* SettingViewController.xib in Resources */ = {isa = PBXBuildFile; fileRef = 2B1A27181C1A01DF0067EAA0 /* SettingViewController.xib */; };
		2B1A271F1C1A048C0067EAA0 /* WenXuan.storyboard in Resources */ = {isa = PBXBuildFile; fileRef = 2B1A271E1C1A048C0067EAA0 /* WenXuan.storyboard */; };
		2B320F631C18ED910006E321 /* home.png in Resources */ = {isa = PBXBuildFile; fileRef = 2B320F601C18ED910006E321 /* home.png */; };
		2B320F641C18ED910006E321 /* bell.png in Resources */ = {isa = PBXBuildFile; fileRef = 2B320F611C18ED910006E321 /* bell.png */; };
		2B320F651C18ED910006E321 /* settings.png in Resources */ = {isa = PBXBuildFile; fileRef = 2B320F621C18ED910006E321 /* settings.png */; };
		2B587BA21BF99B5800574054 /* main.m in Sources */ = {isa = PBXBuildFile; fileRef = 2B587BA11BF99B5800574054 /* main.m */; };
		2B587BA51BF99B5800574054 /* AppDelegate.m in Sources */ = {isa = PBXBuildFile; fileRef = 2B587BA41BF99B5800574054 /* AppDelegate.m */; };
		2B587BA81BF99B5800574054 /* ViewController.m in Sources */ = {isa = PBXBuildFile; fileRef = 2B587BA71BF99B5800574054 /* ViewController.m */; };
		2B587BAB1BF99B5800574054 /* Main.storyboard in Resources */ = {isa = PBXBuildFile; fileRef = 2B587BA91BF99B5800574054 /* Main.storyboard */; };
		2B587BAD1BF99B5800574054 /* Assets.xcassets in Resources */ = {isa = PBXBuildFile; fileRef = 2B587BAC1BF99B5800574054 /* Assets.xcassets */; };
		2B587BB01BF99B5800574054 /* LaunchScreen.storyboard in Resources */ = {isa = PBXBuildFile; fileRef = 2B587BAE1BF99B5800574054 /* LaunchScreen.storyboard */; };
		2B76A4B91C13D881004EB2FD /* EventView.m in Sources */ = {isa = PBXBuildFile; fileRef = 2B76A4B81C13D881004EB2FD /* EventView.m */; };
		2B76A4BB1C13E76E004EB2FD /* clock-128.png in Resources */ = {isa = PBXBuildFile; fileRef = 2B76A4BA1C13E76E004EB2FD /* clock-128.png */; };
		2B76A4BD1C13EA19004EB2FD /* QuartzCore.framework in Frameworks */ = {isa = PBXBuildFile; fileRef = 2B76A4BC1C13EA19004EB2FD /* QuartzCore.framework */; };
		2B76A4C01C13F114004EB2FD /* EventTableViewController.m in Sources */ = {isa = PBXBuildFile; fileRef = 2B76A4BF1C13F114004EB2FD /* EventTableViewController.m */; };
		2BCB1A831C13988600DEFE6E /* DefaultView.m in Sources */ = {isa = PBXBuildFile; fileRef = 2BCB1A821C13988600DEFE6E /* DefaultView.m */; };
/* End PBXBuildFile section */

/* Begin PBXFileReference section */
		2B1A26F51C19E83C0067EAA0 /* AddFoodViewController.h */ = {isa = PBXFileReference; fileEncoding = 4; lastKnownFileType = sourcecode.c.h; path = AddFoodViewController.h; sourceTree = "<group>"; };
		2B1A26F61C19E83C0067EAA0 /* AddFoodViewController.m */ = {isa = PBXFileReference; fileEncoding = 4; lastKnownFileType = sourcecode.c.objc; path = AddFoodViewController.m; sourceTree = "<group>"; };
		2B1A26F71C19E83C0067EAA0 /* camera.png */ = {isa = PBXFileReference; lastKnownFileType = image.png; path = camera.png; sourceTree = "<group>"; };
		2B1A26F81C19E83C0067EAA0 /* FirstEventPopupViewController.h */ = {isa = PBXFileReference; fileEncoding = 4; lastKnownFileType = sourcecode.c.h; path = FirstEventPopupViewController.h; sourceTree = "<group>"; };
		2B1A26F91C19E83C0067EAA0 /* FirstEventPopupViewController.m */ = {isa = PBXFileReference; fileEncoding = 4; lastKnownFileType = sourcecode.c.objc; path = FirstEventPopupViewController.m; sourceTree = "<group>"; };
		2B1A26FA1C19E83C0067EAA0 /* greenpin.png */ = {isa = PBXFileReference; lastKnownFileType = image.png; path = greenpin.png; sourceTree = "<group>"; };
		2B1A26FB1C19E83C0067EAA0 /* GuestViewController.h */ = {isa = PBXFileReference; fileEncoding = 4; lastKnownFileType = sourcecode.c.h; path = GuestViewController.h; sourceTree = "<group>"; };
		2B1A26FC1C19E83C0067EAA0 /* GuestViewController.m */ = {isa = PBXFileReference; fileEncoding = 4; lastKnownFileType = sourcecode.c.objc; path = GuestViewController.m; sourceTree = "<group>"; };
		2B1A26FD1C19E83C0067EAA0 /* ListViewController.h */ = {isa = PBXFileReference; fileEncoding = 4; lastKnownFileType = sourcecode.c.h; path = ListViewController.h; sourceTree = "<group>"; };
		2B1A26FE1C19E83C0067EAA0 /* ListViewController.m */ = {isa = PBXFileReference; fileEncoding = 4; lastKnownFileType = sourcecode.c.objc; path = ListViewController.m; sourceTree = "<group>"; };
		2B1A26FF1C19E83C0067EAA0 /* map.png */ = {isa = PBXFileReference; lastKnownFileType = image.png; path = map.png; sourceTree = "<group>"; };
		2B1A27001C19E83C0067EAA0 /* MapViewController.h */ = {isa = PBXFileReference; fileEncoding = 4; lastKnownFileType = sourcecode.c.h; path = MapViewController.h; sourceTree = "<group>"; };
		2B1A27011C19E83C0067EAA0 /* MapViewController.m */ = {isa = PBXFileReference; fileEncoding = 4; lastKnownFileType = sourcecode.c.objc; path = MapViewController.m; sourceTree = "<group>"; };
		2B1A27021C19E83C0067EAA0 /* new.png */ = {isa = PBXFileReference; lastKnownFileType = image.png; path = new.png; sourceTree = "<group>"; };
		2B1A27031C19E83C0067EAA0 /* redpin.png */ = {isa = PBXFileReference; lastKnownFileType = image.png; path = redpin.png; sourceTree = "<group>"; };
		2B1A27041C19E83C0067EAA0 /* SecondEventPopupViewController.h */ = {isa = PBXFileReference; fileEncoding = 4; lastKnownFileType = sourcecode.c.h; path = SecondEventPopupViewController.h; sourceTree = "<group>"; };
		2B1A27051C19E83C0067EAA0 /* SecondEventPopupViewController.m */ = {isa = PBXFileReference; fileEncoding = 4; lastKnownFileType = sourcecode.c.objc; path = SecondEventPopupViewController.m; sourceTree = "<group>"; };
		2B1A27111C1A01DF0067EAA0 /* HomeTableViewCell.h */ = {isa = PBXFileReference; fileEncoding = 4; lastKnownFileType = sourcecode.c.h; path = HomeTableViewCell.h; sourceTree = "<group>"; };
		2B1A27121C1A01DF0067EAA0 /* HomeTableViewCell.m */ = {isa = PBXFileReference; fileEncoding = 4; lastKnownFileType = sourcecode.c.objc; path = HomeTableViewCell.m; sourceTree = "<group>"; };
		2B1A27131C1A01DF0067EAA0 /* HomeTableViewCell.xib */ = {isa = PBXFileReference; fileEncoding = 4; lastKnownFileType = file.xib; path = HomeTableViewCell.xib; sourceTree = "<group>"; };
		2B1A27141C1A01DF0067EAA0 /* HomeTableViewController.h */ = {isa = PBXFileReference; fileEncoding = 4; lastKnownFileType = sourcecode.c.h; path = HomeTableViewController.h; sourceTree = "<group>"; };
		2B1A27151C1A01DF0067EAA0 /* HomeTableViewController.m */ = {isa = PBXFileReference; fileEncoding = 4; lastKnownFileType = sourcecode.c.objc; path = HomeTableViewController.m; sourceTree = "<group>"; };
		2B1A27161C1A01DF0067EAA0 /* SettingViewController.h */ = {isa = PBXFileReference; fileEncoding = 4; lastKnownFileType = sourcecode.c.h; path = SettingViewController.h; sourceTree = "<group>"; };
		2B1A27171C1A01DF0067EAA0 /* SettingViewController.m */ = {isa = PBXFileReference; fileEncoding = 4; lastKnownFileType = sourcecode.c.objc; path = SettingViewController.m; sourceTree = "<group>"; };
		2B1A27181C1A01DF0067EAA0 /* SettingViewController.xib */ = {isa = PBXFileReference; fileEncoding = 4; lastKnownFileType = file.xib; path = SettingViewController.xib; sourceTree = "<group>"; };
		2B1A271E1C1A048C0067EAA0 /* WenXuan.storyboard */ = {isa = PBXFileReference; fileEncoding = 4; lastKnownFileType = file.storyboard; path = WenXuan.storyboard; sourceTree = "<group>"; };
		2B320F601C18ED910006E321 /* home.png */ = {isa = PBXFileReference; lastKnownFileType = image.png; path = home.png; sourceTree = "<group>"; };
		2B320F611C18ED910006E321 /* bell.png */ = {isa = PBXFileReference; lastKnownFileType = image.png; path = bell.png; sourceTree = "<group>"; };
		2B320F621C18ED910006E321 /* settings.png */ = {isa = PBXFileReference; lastKnownFileType = image.png; path = settings.png; sourceTree = "<group>"; };
		2B587B9D1BF99B5800574054 /* FoodShare.app */ = {isa = PBXFileReference; explicitFileType = wrapper.application; includeInIndex = 0; path = FoodShare.app; sourceTree = BUILT_PRODUCTS_DIR; };
		2B587BA11BF99B5800574054 /* main.m */ = {isa = PBXFileReference; lastKnownFileType = sourcecode.c.objc; path = main.m; sourceTree = "<group>"; };
		2B587BA31BF99B5800574054 /* AppDelegate.h */ = {isa = PBXFileReference; lastKnownFileType = sourcecode.c.h; path = AppDelegate.h; sourceTree = "<group>"; };
		2B587BA41BF99B5800574054 /* AppDelegate.m */ = {isa = PBXFileReference; lastKnownFileType = sourcecode.c.objc; path = AppDelegate.m; sourceTree = "<group>"; };
		2B587BA61BF99B5800574054 /* ViewController.h */ = {isa = PBXFileReference; lastKnownFileType = sourcecode.c.h; path = ViewController.h; sourceTree = "<group>"; };
		2B587BA71BF99B5800574054 /* ViewController.m */ = {isa = PBXFileReference; lastKnownFileType = sourcecode.c.objc; path = ViewController.m; sourceTree = "<group>"; };
		2B587BAA1BF99B5800574054 /* Base */ = {isa = PBXFileReference; lastKnownFileType = file.storyboard; name = Base; path = Base.lproj/Main.storyboard; sourceTree = "<group>"; };
		2B587BAC1BF99B5800574054 /* Assets.xcassets */ = {isa = PBXFileReference; lastKnownFileType = folder.assetcatalog; path = Assets.xcassets; sourceTree = "<group>"; };
		2B587BAF1BF99B5800574054 /* Base */ = {isa = PBXFileReference; lastKnownFileType = file.storyboard; name = Base; path = Base.lproj/LaunchScreen.storyboard; sourceTree = "<group>"; };
		2B587BB11BF99B5800574054 /* Info.plist */ = {isa = PBXFileReference; lastKnownFileType = text.plist.xml; path = Info.plist; sourceTree = "<group>"; };
		2B76A4B71C13D881004EB2FD /* EventView.h */ = {isa = PBXFileReference; fileEncoding = 4; lastKnownFileType = sourcecode.c.h; path = EventView.h; sourceTree = "<group>"; };
		2B76A4B81C13D881004EB2FD /* EventView.m */ = {isa = PBXFileReference; fileEncoding = 4; lastKnownFileType = sourcecode.c.objc; path = EventView.m; sourceTree = "<group>"; };
		2B76A4BA1C13E76E004EB2FD /* clock-128.png */ = {isa = PBXFileReference; lastKnownFileType = image.png; path = "clock-128.png"; sourceTree = "<group>"; };
		2B76A4BC1C13EA19004EB2FD /* QuartzCore.framework */ = {isa = PBXFileReference; lastKnownFileType = wrapper.framework; name = QuartzCore.framework; path = System/Library/Frameworks/QuartzCore.framework; sourceTree = SDKROOT; };
		2B76A4BE1C13F114004EB2FD /* EventTableViewController.h */ = {isa = PBXFileReference; fileEncoding = 4; lastKnownFileType = sourcecode.c.h; path = EventTableViewController.h; sourceTree = "<group>"; };
		2B76A4BF1C13F114004EB2FD /* EventTableViewController.m */ = {isa = PBXFileReference; fileEncoding = 4; lastKnownFileType = sourcecode.c.objc; path = EventTableViewController.m; sourceTree = "<group>"; };
		2BCB1A811C13988600DEFE6E /* DefaultView.h */ = {isa = PBXFileReference; fileEncoding = 4; lastKnownFileType = sourcecode.c.h; path = DefaultView.h; sourceTree = "<group>"; };
		2BCB1A821C13988600DEFE6E /* DefaultView.m */ = {isa = PBXFileReference; fileEncoding = 4; lastKnownFileType = sourcecode.c.objc; path = DefaultView.m; sourceTree = "<group>"; };
/* End PBXFileReference section */

/* Begin PBXFrameworksBuildPhase section */
		2B587B9A1BF99B5700574054 /* Frameworks */ = {
			isa = PBXFrameworksBuildPhase;
			buildActionMask = 2147483647;
			files = (
				2B76A4BD1C13EA19004EB2FD /* QuartzCore.framework in Frameworks */,
			);
			runOnlyForDeploymentPostprocessing = 0;
		};
/* End PBXFrameworksBuildPhase section */

/* Begin PBXGroup section */
		2B587B941BF99B5700574054 = {
			isa = PBXGroup;
			children = (
				2B76A4BC1C13EA19004EB2FD /* QuartzCore.framework */,
				2B587B9F1BF99B5800574054 /* FoodShare */,
				2B587B9E1BF99B5800574054 /* Products */,
			);
			sourceTree = "<group>";
		};
		2B587B9E1BF99B5800574054 /* Products */ = {
			isa = PBXGroup;
			children = (
				2B587B9D1BF99B5800574054 /* FoodShare.app */,
			);
			name = Products;
			sourceTree = "<group>";
		};
		2B587B9F1BF99B5800574054 /* FoodShare */ = {
			isa = PBXGroup;
			children = (
				2B1A27111C1A01DF0067EAA0 /* HomeTableViewCell.h */,
				2B1A27121C1A01DF0067EAA0 /* HomeTableViewCell.m */,
				2B1A27131C1A01DF0067EAA0 /* HomeTableViewCell.xib */,
				2B1A27141C1A01DF0067EAA0 /* HomeTableViewController.h */,
				2B1A27151C1A01DF0067EAA0 /* HomeTableViewController.m */,
				2B1A27161C1A01DF0067EAA0 /* SettingViewController.h */,
				2B1A27171C1A01DF0067EAA0 /* SettingViewController.m */,
				2B1A27181C1A01DF0067EAA0 /* SettingViewController.xib */,
				2B1A26F51C19E83C0067EAA0 /* AddFoodViewController.h */,
				2B1A26F61C19E83C0067EAA0 /* AddFoodViewController.m */,
				2B1A26F71C19E83C0067EAA0 /* camera.png */,
				2B1A26F81C19E83C0067EAA0 /* FirstEventPopupViewController.h */,
				2B1A26F91C19E83C0067EAA0 /* FirstEventPopupViewController.m */,
				2B1A26FA1C19E83C0067EAA0 /* greenpin.png */,
				2B1A26FB1C19E83C0067EAA0 /* GuestViewController.h */,
				2B1A26FC1C19E83C0067EAA0 /* GuestViewController.m */,
				2B1A26FD1C19E83C0067EAA0 /* ListViewController.h */,
				2B1A26FE1C19E83C0067EAA0 /* ListViewController.m */,
				2B1A26FF1C19E83C0067EAA0 /* map.png */,
				2B1A27001C19E83C0067EAA0 /* MapViewController.h */,
				2B1A27011C19E83C0067EAA0 /* MapViewController.m */,
				2B1A27021C19E83C0067EAA0 /* new.png */,
				2B1A27031C19E83C0067EAA0 /* redpin.png */,
				2B1A27041C19E83C0067EAA0 /* SecondEventPopupViewController.h */,
				2B1A27051C19E83C0067EAA0 /* SecondEventPopupViewController.m */,
				2B76A4BA1C13E76E004EB2FD /* clock-128.png */,
				2B320F601C18ED910006E321 /* home.png */,
				2B320F611C18ED910006E321 /* bell.png */,
				2B320F621C18ED910006E321 /* settings.png */,
				2B587BA31BF99B5800574054 /* AppDelegate.h */,
				2B587BA41BF99B5800574054 /* AppDelegate.m */,
				2B587BA61BF99B5800574054 /* ViewController.h */,
				2B587BA71BF99B5800574054 /* ViewController.m */,
				2B1A271E1C1A048C0067EAA0 /* WenXuan.storyboard */,
				2B587BA91BF99B5800574054 /* Main.storyboard */,
				2B587BAC1BF99B5800574054 /* Assets.xcassets */,
				2B587BAE1BF99B5800574054 /* LaunchScreen.storyboard */,
				2B587BB11BF99B5800574054 /* Info.plist */,
				2B587BA01BF99B5800574054 /* Supporting Files */,
				2BCB1A811C13988600DEFE6E /* DefaultView.h */,
				2BCB1A821C13988600DEFE6E /* DefaultView.m */,
				2B76A4B71C13D881004EB2FD /* EventView.h */,
				2B76A4B81C13D881004EB2FD /* EventView.m */,
				2B76A4BE1C13F114004EB2FD /* EventTableViewController.h */,
				2B76A4BF1C13F114004EB2FD /* EventTableViewController.m */,
			);
			path = FoodShare;
			sourceTree = "<group>";
		};
		2B587BA01BF99B5800574054 /* Supporting Files */ = {
			isa = PBXGroup;
			children = (
				2B587BA11BF99B5800574054 /* main.m */,
			);
			name = "Supporting Files";
			sourceTree = "<group>";
		};
/* End PBXGroup section */

/* Begin PBXNativeTarget section */
		2B587B9C1BF99B5700574054 /* FoodShare */ = {
			isa = PBXNativeTarget;
			buildConfigurationList = 2B587BB41BF99B5800574054 /* Build configuration list for PBXNativeTarget "FoodShare" */;
			buildPhases = (
				2B587B991BF99B5700574054 /* Sources */,
				2B587B9A1BF99B5700574054 /* Frameworks */,
				2B587B9B1BF99B5700574054 /* Resources */,
			);
			buildRules = (
			);
			dependencies = (
			);
			name = FoodShare;
			productName = FoodShare;
			productReference = 2B587B9D1BF99B5800574054 /* FoodShare.app */;
			productType = "com.apple.product-type.application";
		};
/* End PBXNativeTarget section */

/* Begin PBXProject section */
		2B587B951BF99B5700574054 /* Project object */ = {
			isa = PBXProject;
			attributes = {
				LastUpgradeCheck = 0710;
				ORGANIZATIONNAME = "David Tang";
				TargetAttributes = {
					2B587B9C1BF99B5700574054 = {
						CreatedOnToolsVersion = 7.1.1;
					};
				};
			};
			buildConfigurationList = 2B587B981BF99B5700574054 /* Build configuration list for PBXProject "	" */;
			compatibilityVersion = "Xcode 3.2";
			developmentRegion = English;
			hasScannedForEncodings = 0;
			knownRegions = (
				en,
				Base,
			);
			mainGroup = 2B587B941BF99B5700574054;
			productRefGroup = 2B587B9E1BF99B5800574054 /* Products */;
			projectDirPath = "";
			projectRoot = "";
			targets = (
				2B587B9C1BF99B5700574054 /* FoodShare */,
			);
		};
/* End PBXProject section */

/* Begin PBXResourcesBuildPhase section */
		2B587B9B1BF99B5700574054 /* Resources */ = {
			isa = PBXResourcesBuildPhase;
			buildActionMask = 2147483647;
			files = (
				2B76A4BB1C13E76E004EB2FD /* clock-128.png in Resources */,
				2B320F651C18ED910006E321 /* settings.png in Resources */,
				2B320F631C18ED910006E321 /* home.png in Resources */,
				2B1A270F1C19E83C0067EAA0 /* redpin.png in Resources */,
				2B320F641C18ED910006E321 /* bell.png in Resources */,
				2B1A270C1C19E83C0067EAA0 /* map.png in Resources */,
				2B587BB01BF99B5800574054 /* LaunchScreen.storyboard in Resources */,
				2B1A271D1C1A01DF0067EAA0 /* SettingViewController.xib in Resources */,
				2B1A270E1C19E83C0067EAA0 /* new.png in Resources */,
				2B1A271F1C1A048C0067EAA0 /* WenXuan.storyboard in Resources */,
				2B1A271A1C1A01DF0067EAA0 /* HomeTableViewCell.xib in Resources */,
				2B587BAD1BF99B5800574054 /* Assets.xcassets in Resources */,
				2B1A27091C19E83C0067EAA0 /* greenpin.png in Resources */,
				2B1A27071C19E83C0067EAA0 /* camera.png in Resources */,
				2B587BAB1BF99B5800574054 /* Main.storyboard in Resources */,
			);
			runOnlyForDeploymentPostprocessing = 0;
		};
/* End PBXResourcesBuildPhase section */

/* Begin PBXSourcesBuildPhase section */
		2B587B991BF99B5700574054 /* Sources */ = {
			isa = PBXSourcesBuildPhase;
			buildActionMask = 2147483647;
			files = (
				2B1A270B1C19E83C0067EAA0 /* ListViewController.m in Sources */,
				2B76A4C01C13F114004EB2FD /* EventTableViewController.m in Sources */,
				2BCB1A831C13988600DEFE6E /* DefaultView.m in Sources */,
				2B76A4B91C13D881004EB2FD /* EventView.m in Sources */,
				2B587BA81BF99B5800574054 /* ViewController.m in Sources */,
				2B1A270A1C19E83C0067EAA0 /* GuestViewController.m in Sources */,
				2B587BA51BF99B5800574054 /* AppDelegate.m in Sources */,
				2B1A27061C19E83C0067EAA0 /* AddFoodViewController.m in Sources */,
				2B1A27101C19E83C0067EAA0 /* SecondEventPopupViewController.m in Sources */,
				2B1A27191C1A01DF0067EAA0 /* HomeTableViewCell.m in Sources */,
				2B1A271B1C1A01DF0067EAA0 /* HomeTableViewController.m in Sources */,
				2B587BA21BF99B5800574054 /* main.m in Sources */,
				2B1A27081C19E83C0067EAA0 /* FirstEventPopupViewController.m in Sources */,
				2B1A270D1C19E83C0067EAA0 /* MapViewController.m in Sources */,
				2B1A271C1C1A01DF0067EAA0 /* SettingViewController.m in Sources */,
			);
			runOnlyForDeploymentPostprocessing = 0;
		};
/* End PBXSourcesBuildPhase section */

/* Begin PBXVariantGroup section */
		2B587BA91BF99B5800574054 /* Main.storyboard */ = {
			isa = PBXVariantGroup;
			children = (
				2B587BAA1BF99B5800574054 /* Base */,
			);
			name = Main.storyboard;
			sourceTree = "<group>";
		};
		2B587BAE1BF99B5800574054 /* LaunchScreen.storyboard */ = {
			isa = PBXVariantGroup;
			children = (
				2B587BAF1BF99B5800574054 /* Base */,
			);
			name = LaunchScreen.storyboard;
			sourceTree = "<group>";
		};
/* End PBXVariantGroup section */

/* Begin XCBuildConfiguration section */
		2B587BB21BF99B5800574054 /* Debug */ = {
			isa = XCBuildConfiguration;
			buildSettings = {
				ALWAYS_SEARCH_USER_PATHS = NO;
				CLANG_CXX_LANGUAGE_STANDARD = "gnu++0x";
				CLANG_CXX_LIBRARY = "libc++";
				CLANG_ENABLE_MODULES = YES;
				CLANG_ENABLE_OBJC_ARC = YES;
				CLANG_WARN_BOOL_CONVERSION = YES;
				CLANG_WARN_CONSTANT_CONVERSION = YES;
				CLANG_WARN_DIRECT_OBJC_ISA_USAGE = YES_ERROR;
				CLANG_WARN_EMPTY_BODY = YES;
				CLANG_WARN_ENUM_CONVERSION = YES;
				CLANG_WARN_INT_CONVERSION = YES;
				CLANG_WARN_OBJC_ROOT_CLASS = YES_ERROR;
				CLANG_WARN_UNREACHABLE_CODE = YES;
				CLANG_WARN__DUPLICATE_METHOD_MATCH = YES;
				"CODE_SIGN_IDENTITY[sdk=iphoneos*]" = "iPhone Developer";
				COPY_PHASE_STRIP = NO;
				DEBUG_INFORMATION_FORMAT = dwarf;
				ENABLE_STRICT_OBJC_MSGSEND = YES;
				ENABLE_TESTABILITY = YES;
				GCC_C_LANGUAGE_STANDARD = gnu99;
				GCC_DYNAMIC_NO_PIC = NO;
				GCC_NO_COMMON_BLOCKS = YES;
				GCC_OPTIMIZATION_LEVEL = 0;
				GCC_PREPROCESSOR_DEFINITIONS = (
					"DEBUG=1",
					"$(inherited)",
				);
				GCC_WARN_64_TO_32_BIT_CONVERSION = YES;
				GCC_WARN_ABOUT_RETURN_TYPE = YES_ERROR;
				GCC_WARN_UNDECLARED_SELECTOR = YES;
				GCC_WARN_UNINITIALIZED_AUTOS = YES_AGGRESSIVE;
				GCC_WARN_UNUSED_FUNCTION = YES;
				GCC_WARN_UNUSED_VARIABLE = YES;
				IPHONEOS_DEPLOYMENT_TARGET = 9.1;
				MTL_ENABLE_DEBUG_INFO = YES;
				ONLY_ACTIVE_ARCH = YES;
				SDKROOT = iphoneos;
				TARGETED_DEVICE_FAMILY = "1,2";
			};
			name = Debug;
		};
		2B587BB31BF99B5800574054 /* Release */ = {
			isa = XCBuildConfiguration;
			buildSettings = {
				ALWAYS_SEARCH_USER_PATHS = NO;
				CLANG_CXX_LANGUAGE_STANDARD = "gnu++0x";
				CLANG_CXX_LIBRARY = "libc++";
				CLANG_ENABLE_MODULES = YES;
				CLANG_ENABLE_OBJC_ARC = YES;
				CLANG_WARN_BOOL_CONVERSION = YES;
				CLANG_WARN_CONSTANT_CONVERSION = YES;
				CLANG_WARN_DIRECT_OBJC_ISA_USAGE = YES_ERROR;
				CLANG_WARN_EMPTY_BODY = YES;
				CLANG_WARN_ENUM_CONVERSION = YES;
				CLANG_WARN_INT_CONVERSION = YES;
				CLANG_WARN_OBJC_ROOT_CLASS = YES_ERROR;
				CLANG_WARN_UNREACHABLE_CODE = YES;
				CLANG_WARN__DUPLICATE_METHOD_MATCH = YES;
				"CODE_SIGN_IDENTITY[sdk=iphoneos*]" = "iPhone Developer";
				COPY_PHASE_STRIP = NO;
				DEBUG_INFORMATION_FORMAT = "dwarf-with-dsym";
				ENABLE_NS_ASSERTIONS = NO;
				ENABLE_STRICT_OBJC_MSGSEND = YES;
				GCC_C_LANGUAGE_STANDARD = gnu99;
				GCC_NO_COMMON_BLOCKS = YES;
				GCC_WARN_64_TO_32_BIT_CONVERSION = YES;
				GCC_WARN_ABOUT_RETURN_TYPE = YES_ERROR;
				GCC_WARN_UNDECLARED_SELECTOR = YES;
				GCC_WARN_UNINITIALIZED_AUTOS = YES_AGGRESSIVE;
				GCC_WARN_UNUSED_FUNCTION = YES;
				GCC_WARN_UNUSED_VARIABLE = YES;
				IPHONEOS_DEPLOYMENT_TARGET = 9.1;
				MTL_ENABLE_DEBUG_INFO = NO;
				SDKROOT = iphoneos;
				TARGETED_DEVICE_FAMILY = "1,2";
				VALIDATE_PRODUCT = YES;
			};
			name = Release;
		};
		2B587BB51BF99B5800574054 /* Debug */ = {
			isa = XCBuildConfiguration;
			buildSettings = {
				ASSETCATALOG_COMPILER_APPICON_NAME = AppIcon;
				INFOPLIST_FILE = FoodShare/Info.plist;
				LD_RUNPATH_SEARCH_PATHS = "$(inherited) @executable_path/Frameworks";
				PRODUCT_BUNDLE_IDENTIFIER = cs465.FoodShare;
				PRODUCT_NAME = "$(TARGET_NAME)";
			};
			name = Debug;
		};
		2B587BB61BF99B5800574054 /* Release */ = {
			isa = XCBuildConfiguration;
			buildSettings = {
				ASSETCATALOG_COMPILER_APPICON_NAME = AppIcon;
				INFOPLIST_FILE = FoodShare/Info.plist;
				LD_RUNPATH_SEARCH_PATHS = "$(inherited) @executable_path/Frameworks";
				PRODUCT_BUNDLE_IDENTIFIER = cs465.FoodShare;
				PRODUCT_NAME = "$(TARGET_NAME)";
			};
			name = Release;
		};
/* End XCBuildConfiguration section */

/* Begin XCConfigurationList section */
		2B587B981BF99B5700574054 /* Build configuration list for PBXProject "	" */ = {
			isa = XCConfigurationList;
			buildConfigurations = (
				2B587BB21BF99B5800574054 /* Debug */,
				2B587BB31BF99B5800574054 /* Release */,
			);
			defaultConfigurationIsVisible = 0;
			defaultConfigurationName = Release;
		};
		2B587BB41BF99B5800574054 /* Build configuration list for PBXNativeTarget "FoodShare" */ = {
			isa = XCConfigurationList;
			buildConfigurations = (
				2B587BB51BF99B5800574054 /* Debug */,
				2B587BB61BF99B5800574054 /* Release */,
			);
			defaultConfigurationIsVisible = 0;
			defaultConfigurationName = Release;
		};
/* End XCConfigurationList section */
	};
	rootObject = 2B587B951BF99B5700574054 /* Project object */;
}
